
Microsoft Visual Studio Solution File, Format Version 12.00
# Visual Studio Version 17
VisualStudioVersion = 17.0.31903.59
MinimumVisualStudioVersion = 10.0.40219.1
Project("{9A19103F-16F7-4668-BE54-9A1E7A4F7556}") = "SafeMoneyAPI", "SafeMoney\SafeMoneyAPI.csproj", "{DE1FFA7A-1E13-4213-BE57-943BA5C79B8B}"
EndProject
Project("{2150E333-8FDC-42A3-9474-1A3956D46DE8}") = "1.Presentation", "1.Presentation", "{5B9CAFD8-5871-495C-AE72-6E4CC50512D5}"
EndProject
Project("{2150E333-8FDC-42A3-9474-1A3956D46DE8}") = "2.Application", "2.Application", "{03BCD561-1CC1-4863-BA01-9F85F05B7802}"
EndProject
Project("{9A19103F-16F7-4668-BE54-9A1E7A4F7556}") = "Application", "Application\Application.csproj", "{A23BB921-1321-4444-9012-CCFFB4636A8D}"
EndProject
Project("{2150E333-8FDC-42A3-9474-1A3956D46DE8}") = "3.Domain", "3.Domain", "{459B8041-AC7B-4287-A6AA-0CC3812EB6FD}"
EndProject
Project("{9A19103F-16F7-4668-BE54-9A1E7A4F7556}") = "Domain", "Domain\Domain.csproj", "{CE2D0626-B338-4D8B-8B1C-B4458B3E5C74}"
EndProject
Project("{2150E333-8FDC-42A3-9474-1A3956D46DE8}") = "4.Infra", "4.Infra", "{A01DAE23-B2AD-43C3-9210-6155D07F34D4}"
EndProject
Project("{9A19103F-16F7-4668-BE54-9A1E7A4F7556}") = "Infra", "Infra\Infra.csproj", "{C9DBABB8-27AB-483F-B4A6-8AE13447807D}"
EndProject
Project("{2150E333-8FDC-42A3-9474-1A3956D46DE8}") = "4", "4", "{687FD799-743B-42B8-9736-19C0063E1478}"
EndProject
Project("{FAE04EC0-301F-11D3-BF4B-00C04F79EFBC}") = "Infra.Service", "Infra.Service\Infra.Service.csproj", "{CE453993-2D7D-47B0-99BF-0217277F77F0}"
EndProject
Project("{2150E333-8FDC-42A3-9474-1A3956D46DE8}") = "4", "4", "{B82409BB-36C4-406F-B518-E84071E283B1}"
EndProject
Global
	GlobalSection(SolutionConfigurationPlatforms) = preSolution
		Debug|Any CPU = Debug|Any CPU
		Release|Any CPU = Release|Any CPU
	EndGlobalSection
	GlobalSection(ProjectConfigurationPlatforms) = postSolution
		{DE1FFA7A-1E13-4213-BE57-943BA5C79B8B}.Debug|Any CPU.ActiveCfg = Debug|Any CPU
		{DE1FFA7A-1E13-4213-BE57-943BA5C79B8B}.Debug|Any CPU.Build.0 = Debug|Any CPU
		{DE1FFA7A-1E13-4213-BE57-943BA5C79B8B}.Release|Any CPU.ActiveCfg = Release|Any CPU
		{DE1FFA7A-1E13-4213-BE57-943BA5C79B8B}.Release|Any CPU.Build.0 = Release|Any CPU
		{A23BB921-1321-4444-9012-CCFFB4636A8D}.Debug|Any CPU.ActiveCfg = Debug|Any CPU
		{A23BB921-1321-4444-9012-CCFFB4636A8D}.Debug|Any CPU.Build.0 = Debug|Any CPU
		{A23BB921-1321-4444-9012-CCFFB4636A8D}.Release|Any CPU.ActiveCfg = Release|Any CPU
		{A23BB921-1321-4444-9012-CCFFB4636A8D}.Release|Any CPU.Build.0 = Release|Any CPU
		{CE2D0626-B338-4D8B-8B1C-B4458B3E5C74}.Debug|Any CPU.ActiveCfg = Debug|Any CPU
		{CE2D0626-B338-4D8B-8B1C-B4458B3E5C74}.Debug|Any CPU.Build.0 = Debug|Any CPU
		{CE2D0626-B338-4D8B-8B1C-B4458B3E5C74}.Release|Any CPU.ActiveCfg = Release|Any CPU
		{CE2D0626-B338-4D8B-8B1C-B4458B3E5C74}.Release|Any CPU.Build.0 = Release|Any CPU
		{C9DBABB8-27AB-483F-B4A6-8AE13447807D}.Debug|Any CPU.ActiveCfg = Debug|Any CPU
		{C9DBABB8-27AB-483F-B4A6-8AE13447807D}.Debug|Any CPU.Build.0 = Debug|Any CPU
		{C9DBABB8-27AB-483F-B4A6-8AE13447807D}.Release|Any CPU.ActiveCfg = Release|Any CPU
		{C9DBABB8-27AB-483F-B4A6-8AE13447807D}.Release|Any CPU.Build.0 = Release|Any CPU
		{CE453993-2D7D-47B0-99BF-0217277F77F0}.Debug|Any CPU.ActiveCfg = Debug|Any CPU
		{CE453993-2D7D-47B0-99BF-0217277F77F0}.Debug|Any CPU.Build.0 = Debug|Any CPU
		{CE453993-2D7D-47B0-99BF-0217277F77F0}.Release|Any CPU.ActiveCfg = Release|Any CPU
		{CE453993-2D7D-47B0-99BF-0217277F77F0}.Release|Any CPU.Build.0 = Release|Any CPU
	EndGlobalSection
	GlobalSection(SolutionProperties) = preSolution
		HideSolutionNode = FALSE
	EndGlobalSection
	GlobalSection(NestedProjects) = preSolution
		{DE1FFA7A-1E13-4213-BE57-943BA5C79B8B} = {5B9CAFD8-5871-495C-AE72-6E4CC50512D5}
		{A23BB921-1321-4444-9012-CCFFB4636A8D} = {03BCD561-1CC1-4863-BA01-9F85F05B7802}
		{CE2D0626-B338-4D8B-8B1C-B4458B3E5C74} = {459B8041-AC7B-4287-A6AA-0CC3812EB6FD}
		{C9DBABB8-27AB-483F-B4A6-8AE13447807D} = {A01DAE23-B2AD-43C3-9210-6155D07F34D4}
		{CE453993-2D7D-47B0-99BF-0217277F77F0} = {A01DAE23-B2AD-43C3-9210-6155D07F34D4}
	EndGlobalSection
	GlobalSection(ExtensibilityGlobals) = postSolution
		SolutionGuid = {DE41125E-0CDF-47B0-8B91-5776ED1E4C32}
	EndGlobalSection
EndGlobal
